
Microsoft Visual Studio Solution File, Format Version 12.00
# Visual Studio 15
VisualStudioVersion = 15.0.27428.2005
MinimumVisualStudioVersion = 10.0.40219.1
Project("{8BC9CEB8-8B4A-11D0-8D11-00A0C91BC942}") = "S1", "S1.vcxproj", "{391C2E70-AED2-3CE9-8DE9-A66638E9CEB9}"
EndProject
Global
	GlobalSection(SolutionConfigurationPlatforms) = preSolution
		Debug|x64 = Debug|x64
		Release|x64 = Release|x64
	EndGlobalSection
	GlobalSection(ProjectConfigurationPlatforms) = postSolution
		{391C2E70-AED2-3CE9-8DE9-A66638E9CEB9}.Debug|x64.ActiveCfg = Debug|x64
		{391C2E70-AED2-3CE9-8DE9-A66638E9CEB9}.Debug|x64.Build.0 = Debug|x64
		{391C2E70-AED2-3CE9-8DE9-A66638E9CEB9}.Release|x64.ActiveCfg = Release|x64
		{391C2E70-AED2-3CE9-8DE9-A66638E9CEB9}.Release|x64.Build.0 = Release|x64
	EndGlobalSection
	GlobalSection(SolutionProperties) = preSolution
		HideSolutionNode = FALSE
	EndGlobalSection
	GlobalSection(ExtensibilityGlobals) = postSolution
		SolutionGuid = {83DD8970-9B68-446B-A94D-3BEE46C34C19}
	EndGlobalSection
EndGlobal
